{
  "pins" : [
    {
      "identity" : "fluidgradient",
      "kind" : "remoteSourceControl",
      "location" : "https://github.com/Cindori/FluidGradient",
      "state" : {
        "revision" : "9ddda4cf23671ef0228e88681ec6210cb3e0d7f7",
        "version" : "1.0.0"
      }
    },
    {
      "identity" : "skeletonui",
      "kind" : "remoteSourceControl",
      "location" : "https://github.com/CSolanaM/SkeletonUI.git",
      "state" : {
        "revision" : "be1116a61861ab4cf0b5270c24be2c7a5e05de4f",
        "version" : "1.0.11"
      }
    },
    {
      "identity" : "swift-snapshot-testing",
      "kind" : "remoteSourceControl",
      "location" : "https://github.com/pointfreeco/swift-snapshot-testing",
      "state" : {
        "revision" : "cef5b3f6f11781dd4591bdd1dd0a3d22bd609334",
        "version" : "1.11.0"
      }
    },
    {
      "identity" : "swiftuipageview",
      "kind" : "remoteSourceControl",
      "location" : "https://github.com/jtc42/SwiftUIPageView",
      "state" : {
        "branch" : "main",
        "revision" : "770e9896ba078f10202c847ad6b13971acb24c16"
      }
    }
  ],
  "version" : 2
}
