{
  "pins" : [
    {
      "identity" : "fluidgradient",
      "kind" : "remoteSourceControl",
      "location" : "https://github.com/Cindori/FluidGradient",
      "state" : {
        "revision" : "9ddda4cf23671ef0228e88681ec6210cb3e0d7f7",
        "version" : "1.0.0"
      }
    },
    {
      "identity" : "swiftuipageview",
      "kind" : "remoteSourceControl",
      "location" : "https://github.com/jtc42/SwiftUIPageView",
      "state" : {
        "branch" : "main",
        "revision" : "770e9896ba078f10202c847ad6b13971acb24c16"
      }
    }
  ],
  "version" : 2
}
